{
  "lockfileVersion": 1,
  "configVersion": 0,
  "workspaces": {
    "": {
      "name": "pdf-splitter",
      "dependencies": {
        "@tauri-apps/api": "^2.11.1",
        "@tauri-apps/plugin-dialog": "^2.7.1",
        "@tauri-apps/plugin-opener": "^2.5.4",
        "lucide-vue-next": "^1.0.0",
        "vue": "^3.5.38",
      },
      "devDependencies": {
        "@biomejs/biome": "2.5.1",
        "@tauri-apps/cli": "^2.11.4",
        "@vitejs/plugin-vue": "^6.0.7",
        "esbuild": "^0.28.1",
        "typescript": "^6.0.3",
        "vite": "^8.0.16",
        "vue-tsc": "^3.3.5",
      },
    },
  },
  "packages": {
    "@babel/helper-string-parser": ["@babel/helper-string-parser@7.29.7", "", {}, "sha512-Pb5ijPrZ89GDH8223L4UP8i6QApWxs04RbPQJTeWDV0/keR2E36MeKnyr6LYmUUvqRRI+Iv87SuF1W6ErINzYw=="],

    "@babel/helper-validator-identifier": ["@babel/helper-validator-identifier@7.29.7", "", {}, "sha512-qehxGkRj55h/ff8EMaJ+cYhyaKlHIxqYDn682wQD7RNp9UujOQsHog2uS0r2vzr4pW+sXf90NeeayjcNaX3fFg=="],

    "@babel/parser": ["@babel/parser@7.29.7", "", { "dependencies": { "@babel/types": "^7.29.7" }, "bin": "./bin/babel-parser.js" }, "sha512-hnORnjP/1P/zFEndoeX+n+t1RwWRJiJpM/jO7FW32Kn9r5+sJB2JWOdYo4L6k78j15eCwY3Gm/7364B1EMwtNg=="],

    "@babel/types": ["@babel/types@7.29.7", "", { "dependencies": { "@babel/helper-string-parser": "^7.29.7", "@babel/helper-validator-identifier": "^7.29.7" } }, "sha512-4zBIxpPzowiZpusoFkyGVwakdRJUyuH5PxQ/PrqghfdFWWasvnCdPfQXHrenDai+gyLARulZjZowCOj6fjT4pA=="],

    "@biomejs/biome": ["@biomejs/biome@2.5.1", "", { "optionalDependencies": { "@biomejs/cli-darwin-arm64": "2.5.1", "@biomejs/cli-darwin-x64": "2.5.1", "@biomejs/cli-linux-arm64": "2.5.1", "@biomejs/cli-linux-arm64-musl": "2.5.1", "@biomejs/cli-linux-x64": "2.5.1", "@biomejs/cli-linux-x64-musl": "2.5.1", "@biomejs/cli-win32-arm64": "2.5.1", "@biomejs/cli-win32-x64": "2.5.1" }, "bin": { "biome": "bin/biome" } }, "sha512-IXWLCxKmae+rI7LOHS1B3EbVisQ6GRAWbhN9msa6KjNCyFWrvKZWR4oUdinaNssrV852OrSHuSPa95h1GPJc7Q=="],

    "@biomejs/cli-darwin-arm64": ["@biomejs/cli-darwin-arm64@2.5.1", "", { "os": "darwin", "cpu": "arm64" }, "sha512-npqDzvqv7vFaWRiNN1Te71siRgPaqS9MpqgYCdP/CrUbkJ7ApezaeaKjueKHRN/JH/6lRjJQAHi8acQDCAz22w=="],

    "@biomejs/cli-darwin-x64": ["@biomejs/cli-darwin-x64@2.5.1", "", { "os": "darwin", "cpu": "x64" }, "sha512-RgwTqPAM8g2tn1j+b5oRjF/DbSBX8a4gwojtuG9XuhfK7GgomvZ9+T+tqjXiVbjLEeGJOoL6VEk8mvRTVeSybw=="],

    "@biomejs/cli-linux-arm64": ["@biomejs/cli-linux-arm64@2.5.1", "", { "os": "linux", "cpu": "arm64" }, "sha512-yhV35CzZh38VyMvTEXi3JTjxZBs++oCKK9KG8vB6VI5+uvQvZNR3BFWEKKzuOmx9DJJj7sQpZ4LQJcmbGTs3+Q=="],

    "@biomejs/cli-linux-arm64-musl": ["@biomejs/cli-linux-arm64-musl@2.5.1", "", { "os": "linux", "cpu": "arm64" }, "sha512-WMcvMLgByyTqVxGlq918NBBYliq9FRR9GAQVETHb+VjGVqXCZFfHlZHC1FX4ibuYY/Hg6TJE3rHU0xVrdJXNRw=="],

    "@biomejs/cli-linux-x64": ["@biomejs/cli-linux-x64@2.5.1", "", { "os": "linux", "cpu": "x64" }, "sha512-J/7uHSX7NfoYDI7HijAkd8lnQIOrRb2W7j3X+tw4R+N5ExvXGsyXFiGdQcfcxfOmNQmZVSQOCDk757fwpzqQcg=="],

    "@biomejs/cli-linux-x64-musl": ["@biomejs/cli-linux-x64-musl@2.5.1", "", { "os": "linux", "cpu": "x64" }, "sha512-ANTowtlLmPYm5yeMckWY8Xzb9Ix+JJP3tgHR/n6xRj1VWyIzzWtfRfih9hv9VmClwadpBvZduISZIbBsIlYG3A=="],

    "@biomejs/cli-win32-arm64": ["@biomejs/cli-win32-arm64@2.5.1", "", { "os": "win32", "cpu": "arm64" }, "sha512-zgXnKNgWPC4iPF7Y1lR3STUeCUuZRpD6IiOrC7TZTlh0Lx6FiVUT05myuMQHQ9D+1cc7uyMldi4forE6lp0ivQ=="],

    "@biomejs/cli-win32-x64": ["@biomejs/cli-win32-x64@2.5.1", "", { "os": "win32", "cpu": "x64" }, "sha512-6uxpR9hvaglANkZemeSiN/FhYgkGasrEGn267eXIWvjrjJ2LhDlk251IhjVJq6MXzkV2/bcXwLwSroLyPtqRZg=="],

    "@emnapi/core": ["@emnapi/core@1.10.0", "", { "dependencies": { "@emnapi/wasi-threads": "1.2.1", "tslib": "^2.4.0" } }, "sha512-yq6OkJ4p82CAfPl0u9mQebQHKPJkY7WrIuk205cTYnYe+k2Z8YBh11FrbRG/H6ihirqcacOgl2BIO8oyMQLeXw=="],

    "@emnapi/runtime": ["@emnapi/runtime@1.10.0", "", { "dependencies": { "tslib": "^2.4.0" } }, "sha512-ewvYlk86xUoGI0zQRNq/mC+16R1QeDlKQy21Ki3oSYXNgLb45GV1P6A0M+/s6nyCuNDqe5VpaY84BzXGwVbwFA=="],

    "@emnapi/wasi-threads": ["@emnapi/wasi-threads@1.2.1", "", { "dependencies": { "tslib": "^2.4.0" } }, "sha512-uTII7OYF+/Mes/MrcIOYp5yOtSMLBWSIoLPpcgwipoiKbli6k322tcoFsxoIIxPDqW01SQGAgko4EzZi2BNv2w=="],

    "@esbuild/aix-ppc64": ["@esbuild/aix-ppc64@0.28.1", "", { "os": "aix", "cpu": "ppc64" }, "sha512-Svl7tq8k/08+p6CXPpRjQ1fKX+1odH/BQbb48fV6fj3CWHhsoIOoY87w1oHXm0qEpkIK3ZfVgp0hed3XBXzXMQ=="],

    "@esbuild/android-arm": ["@esbuild/android-arm@0.28.1", "", { "os": "android", "cpu": "arm" }, "sha512-0k2F129Xdio1TdJfzJ8sy1Q47vUD2NnwdhiAf7drUN1EBTfPf4hsFCtmMgu/6m8JSzsBrlmVjudMBQqOfG8usQ=="],

    "@esbuild/android-arm64": ["@esbuild/android-arm64@0.28.1", "", { "os": "android", "cpu": "arm64" }, "sha512-34EGEbCIAgosYz6goLcopX6Mo7NyGv9tfwEM2/7Ce2VcVRk568iSvniGWcUXIy7wEDR1wzolcxcriFVrWYcwBg=="],

    "@esbuild/android-x64": ["@esbuild/android-x64@0.28.1", "", { "os": "android", "cpu": "x64" }, "sha512-dbwY7ltSMDWsRatcRpCnES4F+im88OCUgGZjy52shC7GqHRE/cYlxNbB4Z4UpJswpcc4Qxd2oE/ufM0p61IKng=="],

    "@esbuild/darwin-arm64": ["@esbuild/darwin-arm64@0.28.1", "", { "os": "darwin", "cpu": "arm64" }, "sha512-TZbWkQY7kvTAXbXUT7uVACR5cMHsDiSz9z7ZKAX/RTq/WJEk3QyRr0wZpNhBDX+/0CtdqUIJlOiodQcta6tY3Q=="],

    "@esbuild/darwin-x64": ["@esbuild/darwin-x64@0.28.1", "", { "os": "darwin", "cpu": "x64" }, "sha512-zfdzgK9ACBNZLI/CyHTOx81SyNbM6YXn7rxSgX97VjyiPl9W1i4Ka4fgKECEoFCKGpvBj5qArWIGgQjOwkgskQ=="],

    "@esbuild/freebsd-arm64": ["@esbuild/freebsd-arm64@0.28.1", "", { "os": "freebsd", "cpu": "arm64" }, "sha512-wG2EA8ENdEI0qhkSZMjfqrdY+ziCYCPMmtZjjIwOmXFjmyzEHn+UUxk5of+SYsjtfs3VpnlC7QLzSI5hY/rOAw=="],

    "@esbuild/freebsd-x64": ["@esbuild/freebsd-x64@0.28.1", "", { "os": "freebsd", "cpu": "x64" }, "sha512-i7dZ9vQgnvSCzi/rYCXNgtF/U+eKZNJBzu3eTQbRgHnM7tNSizLOkRFAl3qzVc/Op/u5YkHHa4pf/3DOYHthLQ=="],

    "@esbuild/linux-arm": ["@esbuild/linux-arm@0.28.1", "", { "os": "linux", "cpu": "arm" }, "sha512-qVXBOHQS+d5Y722GwJzJUtOLlX7km3CraOaGormF1pDtPd2C/l1SHRPgjLunLGe51Sh5YYWKMFDyV4SxgMQYTQ=="],

    "@esbuild/linux-arm64": ["@esbuild/linux-arm64@0.28.1", "", { "os": "linux", "cpu": "arm64" }, "sha512-yHs+0uc8+nvEAfAfxrWQKK5peSNzBc4PegcMO0EJ2hT71uA7vB8Ihg2e77R2P7SG5uYjPbHlLLmve4LLLRCf0g=="],

    "@esbuild/linux-ia32": ["@esbuild/linux-ia32@0.28.1", "", { "os": "linux", "cpu": "ia32" }, "sha512-d1z4ZuP0ajrfz/FhGT4vv278rX8KnPPJx8i5+AtK7TYbx9Le9F1hyzurZpkEyjkGa9dUGhQow4C1NmeGvqxN2w=="],

    "@esbuild/linux-loong64": ["@esbuild/linux-loong64@0.28.1", "", { "os": "linux", "cpu": "none" }, "sha512-M5sRjUVZrkm1OAPR3dlOYzNmN+loZKGVi1VUQGrwuqLcbR6qeAz+famMhjASeH3YVKvZz+zT1jlh/keC3Rj/lg=="],

    "@esbuild/linux-mips64el": ["@esbuild/linux-mips64el@0.28.1", "", { "os": "linux", "cpu": "none" }, "sha512-mRObBZeHh2OxcBFPWE/FjylkRgZdYuiTR3vaTozquCGOH14iP9oN4x4Ge81CoIDYQrXmIxpFumJBu5MtZpnQJQ=="],

    "@esbuild/linux-ppc64": ["@esbuild/linux-ppc64@0.28.1", "", { "os": "linux", "cpu": "ppc64" }, "sha512-slScBsMAb3GFDcdrCgLwZtPYRoH2H/youv10QiZyRjmsP48fznoveWytSgCI/R0ZcUgpc0ZhIUEx6LHts8yrfQ=="],

    "@esbuild/linux-riscv64": ["@esbuild/linux-riscv64@0.28.1", "", { "os": "linux", "cpu": "none" }, "sha512-kw0owk1o0GFETUJyW0jc0G4Yzs0BHZn0JDZ8JRT088vjJYX777BAs1fDGxAC+q831qOs2DTC96mNsG2opdfyyQ=="],

    "@esbuild/linux-s390x": ["@esbuild/linux-s390x@0.28.1", "", { "os": "linux", "cpu": "s390x" }, "sha512-/lAIjX8aYFRByhh6L5rYtPEDRqa9de/4V/juOXcta5frjvzXO4/sqEtyytse0g3zZFuWu5cDN0MkLz2qRDD2Ag=="],

    "@esbuild/linux-x64": ["@esbuild/linux-x64@0.28.1", "", { "os": "linux", "cpu": "x64" }, "sha512-u/anNYF2mmVOEDwLtnQ1wOr3EZ9sTNGLWrsYGYwHWzGA3Si84IOkHXlbWTD1NB+9/1lcnweYKO54uhxZydNzfA=="],

    "@esbuild/netbsd-arm64": ["@esbuild/netbsd-arm64@0.28.1", "", { "os": "none", "cpu": "arm64" }, "sha512-oks0DYbLwWMmaakTsCb+zL4E+aHRVLom9IJZOAthMQEPiQmydXHkziYEsGYRx0uNV/IjEKGAV941JzH02pflqw=="],

    "@esbuild/netbsd-x64": ["@esbuild/netbsd-x64@0.28.1", "", { "os": "none", "cpu": "x64" }, "sha512-aeL6lAnN89Hz43Mlh1G8ARasbuoYvSITDEx0tHh5b7jJnHcssqgjy9Yx430GDpmCa6OyrKoS0aNRjKundRizGg=="],

    "@esbuild/openbsd-arm64": ["@esbuild/openbsd-arm64@0.28.1", "", { "os": "openbsd", "cpu": "arm64" }, "sha512-MEFJe5C3R8pwXdZ5Y21oo6m7ePiS0d9pWucn99O/wvyJZChoIQKrQDxKrGeW8F5+T0okTHesAmDeiHDTIq0V/Q=="],

    "@esbuild/openbsd-x64": ["@esbuild/openbsd-x64@0.28.1", "", { "os": "openbsd", "cpu": "x64" }, "sha512-i/ZLIOafE0Z8cI/XANJAixoJL/uRAoS2xOA3rb0xN+KK0K177cMAsQYkzHtBrtMXAKuAc7HGgcWiZ/sRC1Nxgw=="],

    "@esbuild/openharmony-arm64": ["@esbuild/openharmony-arm64@0.28.1", "", { "os": "none", "cpu": "arm64" }, "sha512-ge+Z7EXFNt2BO1oAMsVpiQ8EwndV9i1xXerAeTIK7AtPs3bKFXQM7nlRxDSIUIMeueR1CNXxqztLzdNeReKBJg=="],

    "@esbuild/sunos-x64": ["@esbuild/sunos-x64@0.28.1", "", { "os": "sunos", "cpu": "x64" }, "sha512-BEjgtECkL3vY+SaSQ6nzVfiALUeFxpawyp8Jmf5PtYhf1Ug40N1h/hxlhts+f1FvSvarEigdxS3BlSMI2PJLcQ=="],

    "@esbuild/win32-arm64": ["@esbuild/win32-arm64@0.28.1", "", { "os": "win32", "cpu": "arm64" }, "sha512-lCv9eK/H6ZJWbE7bh2nw54CZ9M2nupBxJcTsdk/QQnWkdSjKGuxmmH8/GWrlT1eMmZfn4dGcCjRte397WqfQXA=="],

    "@esbuild/win32-ia32": ["@esbuild/win32-ia32@0.28.1", "", { "os": "win32", "cpu": "ia32" }, "sha512-zvb/mB2bSCoJOpoCBgYKKpX6YM6mJBlBUVUtVj41DlZJVEB6/0CKlRYxP5wWl1C1ILiCoAU5wZZ4q1P3qeS6Eg=="],

    "@esbuild/win32-x64": ["@esbuild/win32-x64@0.28.1", "", { "os": "win32", "cpu": "x64" }, "sha512-bm4Mowrv+GXMlpWX++EcXw/iLyd1o3+bJkC2DkWXYVvgZCqD/bSj9ctZeAMC3cIxgjRVR2Dufaiu4YPxr5gW1A=="],

    "@jridgewell/sourcemap-codec": ["@jridgewell/sourcemap-codec@1.5.5", "", {}, "sha512-cYQ9310grqxueWbl+WuIUIaiUaDcj7WOq5fVhEljNVgRfOUhY9fy2zTvfoqWsnebh8Sl70VScFbICvJnLKB0Og=="],

    "@napi-rs/wasm-runtime": ["@napi-rs/wasm-runtime@1.1.4", "", { "dependencies": { "@tybys/wasm-util": "^0.10.1" }, "peerDependencies": { "@emnapi/core": "^1.7.1", "@emnapi/runtime": "^1.7.1" } }, "sha512-3NQNNgA1YSlJb/kMH1ildASP9HW7/7kYnRI2szWJaofaS1hWmbGI4H+d3+22aGzXXN9IJ+n+GiFVcGipJP18ow=="],

    "@oxc-project/types": ["@oxc-project/types@0.133.0", "", {}, "sha512-KzkdCd6Uxqnf6l3HOw1xfatAlUURA0g14cvBYFyJ5SaNOQbOUvBr9PKArcPcrNIeRsBdgcUzOGrhKveVpvOIGA=="],

    "@rolldown/binding-android-arm64": ["@rolldown/binding-android-arm64@1.0.3", "", { "os": "android", "cpu": "arm64" }, "sha512-454rs7jHngixp/NMxd5srYD57OnzSlZ/eFTETjORQHLwJG1lRtmNOJcBerZlfu4GjKqeq8aCCIQrMdHyhI51Hw=="],

    "@rolldown/binding-darwin-arm64": ["@rolldown/binding-darwin-arm64@1.0.3", "", { "os": "darwin", "cpu": "arm64" }, "sha512-PcAhP+ynjURNyy8SKGl5DQP94aGuB/7JrXJb/t7P+hanXvQVMWzUvRRhBAcg/lNRadBhoUPqSoP4xw5tR/KBEA=="],

    "@rolldown/binding-darwin-x64": ["@rolldown/binding-darwin-x64@1.0.3", "", { "os": "darwin", "cpu": "x64" }, "sha512-9YpfeUvSE2RS7wysJ81uOZkXJz7f7Q55H2Gvp3VEw/EsahqDtrphrZ0EwDLK5vvKOzaCrBsjF8JmnMLcUt78Gg=="],

    "@rolldown/binding-freebsd-x64": ["@rolldown/binding-freebsd-x64@1.0.3", "", { "os": "freebsd", "cpu": "x64" }, "sha512-yB1IlAsSNHncV6SCTL27/MVGR5htvQsoGxIv5KMGXALp+Ll1wYsn+x98M9MW7qa+NdSbvrrY7ANI4wLJ0n1e6g=="],

    "@rolldown/binding-linux-arm-gnueabihf": ["@rolldown/binding-linux-arm-gnueabihf@1.0.3", "", { "os": "linux", "cpu": "arm" }, "sha512-Yi30IVAAfLUCy2MseFjbB1jAMDl1VMCAas5StnYp8da9+CKvMd2H2cbEjWcw5NPaPqzvYkVIaF1nNUG+b7u/sw=="],

    "@rolldown/binding-linux-arm64-gnu": ["@rolldown/binding-linux-arm64-gnu@1.0.3", "", { "os": "linux", "cpu": "arm64" }, "sha512-jsO7R8To+AdlYgUmN5sHSCZbfhtMBkO0WUx8iORQnPcMMdgr7qM2DQmMwgabs3GhNztdmoKkMKQFHD6DTMCIQw=="],

    "@rolldown/binding-linux-arm64-musl": ["@rolldown/binding-linux-arm64-musl@1.0.3", "", { "os": "linux", "cpu": "arm64" }, "sha512-VWkUHwWriDciit80wleYwKILoR/KMvxh/IdwS/paX+ZgpuRpCrKLUdadJbc0NpBEiyhpYawsJ73j9aCvOH+f7Q=="],

    "@rolldown/binding-linux-ppc64-gnu": ["@rolldown/binding-linux-ppc64-gnu@1.0.3", "", { "os": "linux", "cpu": "ppc64" }, "sha512-5f1laC0SlIR0yDbFCd8acUhvJIag6N3zC5P7oUPN6wX0aOma+uKJ0wBDH5aq7I1PVI2ttTlhJwzwRIBnLiSGEg=="],

    "@rolldown/binding-linux-s390x-gnu": ["@rolldown/binding-linux-s390x-gnu@1.0.3", "", { "os": "linux", "cpu": "s390x" }, "sha512-Iq4ko0r4XsgbrF/LunNgHtAGLRRVE2kXonAXQ/MV0mC6jQpMOhW1SvtZja2EhC/kd05++bP78dsqBeIQyYJ6Yg=="],

    "@rolldown/binding-linux-x64-gnu": ["@rolldown/binding-linux-x64-gnu@1.0.3", "", { "os": "linux", "cpu": "x64" }, "sha512-B8m6tD5+/N5FeNQFbKlLA/2yVq9ycQP1SeedyEYYKWBNR3ZQbkvIUcNnDNM03lO1l5F2roiiFJGgvoLLyZXtSg=="],

    "@rolldown/binding-linux-x64-musl": ["@rolldown/binding-linux-x64-musl@1.0.3", "", { "os": "linux", "cpu": "x64" }, "sha512-pSdpdUJHkuCxun9LE7jvgUB9qsRgaiyNNCX7m/AvHTcq67AiT/Yhoxvw5zPfhrM8k/BfP8ce/hMOpthKDpEUow=="],

    "@rolldown/binding-openharmony-arm64": ["@rolldown/binding-openharmony-arm64@1.0.3", "", { "os": "none", "cpu": "arm64" }, "sha512-OXXS3RKJgX2uLwM+gYyuH5omcH8fL1LJs96pZGgtetVCahON57+d4SJHzTgZiOjxgGkSnpXpOsWuPDGAKAigEg=="],

    "@rolldown/binding-wasm32-wasi": ["@rolldown/binding-wasm32-wasi@1.0.3", "", { "dependencies": { "@emnapi/core": "1.10.0", "@emnapi/runtime": "1.10.0", "@napi-rs/wasm-runtime": "^1.1.4" }, "cpu": "none" }, "sha512-JTtb8BWFynicNSoPrehsCzBtOKjZ6jhMiPFEmOiuXg1Fl8dn2KHQob+GuPSGR0dryQa1PQJbzjF3dqO/whhjLg=="],

    "@rolldown/binding-win32-arm64-msvc": ["@rolldown/binding-win32-arm64-msvc@1.0.3", "", { "os": "win32", "cpu": "arm64" }, "sha512-gEdFFEN70A/jxb2svrWsN3aDL7OUtmvlOy+6fa2jxG8K0wQ1ZbdeLGnidov6Yu5/733dI5ySfzFlQ/cb0bSz1g=="],

    "@rolldown/binding-win32-x64-msvc": ["@rolldown/binding-win32-x64-msvc@1.0.3", "", { "os": "win32", "cpu": "x64" }, "sha512-eXB7CHuaQdqmJcc3koCNtNPmT/bj2gc999kUFgBxG8Ac0NdgXc4rkCHhqrgrhN3zddvvvrgzj1e90SuSfmyIXA=="],

    "@rolldown/pluginutils": ["@rolldown/pluginutils@1.0.1", "", {}, "sha512-2j9bGt5Jh8hj+vPtgzPtl72j0yRxHAyumoo6TNfAjsLB04UtpSvPbPcDcBMxz7n+9CYB0c1GxQFxYRg2jimqGw=="],

    "@tauri-apps/api": ["@tauri-apps/api@2.11.1", "", {}, "sha512-M2FPuYND2m+wh5hfW9ZpSdxMPdEJovPBWwoHJmwUpysTYNHaOkVFN419m/K0LIgjb/7KU2vBgsUepJWugQCvAA=="],

    "@tauri-apps/cli": ["@tauri-apps/cli@2.11.4", "", { "optionalDependencies": { "@tauri-apps/cli-darwin-arm64": "2.11.4", "@tauri-apps/cli-darwin-x64": "2.11.4", "@tauri-apps/cli-linux-arm-gnueabihf": "2.11.4", "@tauri-apps/cli-linux-arm64-gnu": "2.11.4", "@tauri-apps/cli-linux-arm64-musl": "2.11.4", "@tauri-apps/cli-linux-riscv64-gnu": "2.11.4", "@tauri-apps/cli-linux-x64-gnu": "2.11.4", "@tauri-apps/cli-linux-x64-musl": "2.11.4", "@tauri-apps/cli-win32-arm64-msvc": "2.11.4", "@tauri-apps/cli-win32-ia32-msvc": "2.11.4", "@tauri-apps/cli-win32-x64-msvc": "2.11.4" }, "bin": { "tauri": "tauri.js" } }, "sha512-R8xGtMpwyetawSqm9kYOuMmEqkhUbvcUy8n0aNXIxollKBLESUu5f4Fx+64hgASYm1H+jSWq6jCW6zqTnH6hqQ=="],

    "@tauri-apps/cli-darwin-arm64": ["@tauri-apps/cli-darwin-arm64@2.11.4", "", { "os": "darwin", "cpu": "arm64" }, "sha512-1ryOF3ZhpZ/nemHV5zVwBQBz9jDGKmKPvWPADOhc83ig0P4bMc2iER4NbC6r9sjeIZ6RVQ4g3RZIYvezhcl4TQ=="],

    "@tauri-apps/cli-darwin-x64": ["@tauri-apps/cli-darwin-x64@2.11.4", "", { "os": "darwin", "cpu": "x64" }, "sha512-uFsGQAAfuyz1k/yGLmkWfkBlgKAqZfxqlHmLWx81QU27RJWfmbNHCIq8T8w1e+VClleIuZUjpHWfoE4E3DLo3A=="],

    "@tauri-apps/cli-linux-arm-gnueabihf": ["@tauri-apps/cli-linux-arm-gnueabihf@2.11.4", "", { "os": "linux", "cpu": "arm" }, "sha512-IaHZn5CdBL21oUmjiVOS1ctw6Ip1O0pjp70FwOWmYz1myWe0SY96ZIj2FYf7pT0m8bI2h/hrs5ZbEXXh44/MkQ=="],

    "@tauri-apps/cli-linux-arm64-gnu": ["@tauri-apps/cli-linux-arm64-gnu@2.11.4", "", { "os": "linux", "cpu": "arm64" }, "sha512-N41/ukTRVe6XSuUTESuFdGeOW2i7k62tK+6gHK5Kd5/q5RPvvi19GaWAVPPb9u95HSGmTChSolBfzynUsssFaA=="],

    "@tauri-apps/cli-linux-arm64-musl": ["@tauri-apps/cli-linux-arm64-musl@2.11.4", "", { "os": "linux", "cpu": "arm64" }, "sha512-v277UnT/fB64xAfSroL5N3Km3tLmvATWqJJw/wRI+g6o+HkeD0slyE7gOhNs1MbjE41R7bQOTxMVoL3aomUJmw=="],

    "@tauri-apps/cli-linux-riscv64-gnu": ["@tauri-apps/cli-linux-riscv64-gnu@2.11.4", "", { "os": "linux", "cpu": "none" }, "sha512-qqgNkQ2u1yZHxjhxsZaxUtRDW8dIqIYm33rx/mzwQv0SfY9x1B+iraj8vWeFiXjjSVVhEMepXSOts1TqPzvXNQ=="],

    "@tauri-apps/cli-linux-x64-gnu": ["@tauri-apps/cli-linux-x64-gnu@2.11.4", "", { "os": "linux", "cpu": "x64" }, "sha512-2VRNWl84FOH0m2giiDkO2h0QXlcMJeX+zJDpI5kDIQAx6s+geF3v48F4DXfJez4GS/FdoDGnPnw1C2iYGbQ7bQ=="],

    "@tauri-apps/cli-linux-x64-musl": ["@tauri-apps/cli-linux-x64-musl@2.11.4", "", { "os": "linux", "cpu": "x64" }, "sha512-o9GyhYor/nc7xarmwDE3ka2szuW3uuZzXjHWh64Q8YX5AtSgxdQkFWzrY4O8KiGtVNvFBI14H3Q49Qj5TOIP/A=="],

    "@tauri-apps/cli-win32-arm64-msvc": ["@tauri-apps/cli-win32-arm64-msvc@2.11.4", "", { "os": "win32", "cpu": "arm64" }, "sha512-ld5Ehb598m0VkYyylRPNeCFsBe/km0jxis6KgMpl3IGY6I/i1RwQXO05I1AsXUXO2WC6AvB/Lw4qTf/asiuEiQ=="],

    "@tauri-apps/cli-win32-ia32-msvc": ["@tauri-apps/cli-win32-ia32-msvc@2.11.4", "", { "os": "win32", "cpu": "ia32" }, "sha512-12Hxi0XX/H5VFxO/bGgHkFWhml9VMgEOu9CidjeCeTNQ1l6fpUlbiGgSP7CLI3PFtW9/FfbeHieZ+kyWK5H7CA=="],

    "@tauri-apps/cli-win32-x64-msvc": ["@tauri-apps/cli-win32-x64-msvc@2.11.4", "", { "os": "win32", "cpu": "x64" }, "sha512-+vDiqBIU5dMISg/wNvX3sF+ZHfgJGJ5T0AcO+EHNXV9GGAG+P5fzodlDXD3QdKCRgZxMoCm5PPvj3BqLNjBthw=="],

    "@tauri-apps/plugin-dialog": ["@tauri-apps/plugin-dialog@2.7.1", "", { "dependencies": { "@tauri-apps/api": "^2.11.0" } }, "sha512-OK1UBXYt+ojcmxMktzzuyonYIFta8CmAASpX+CA+DTGK24KlHjhYI6x2iOJ/TjZF4N7/ACK1oFmEOjIY9IhzOQ=="],

    "@tauri-apps/plugin-opener": ["@tauri-apps/plugin-opener@2.5.4", "", { "dependencies": { "@tauri-apps/api": "^2.11.0" } }, "sha512-1HnPkb+AmgO29HBazm4uPLKB+r7zzcTBW1d0fyYp1uP+jwtpoiNDGKMMzz58SFp49nOIrxdE3aUJtT57lfO9CQ=="],

    "@tybys/wasm-util": ["@tybys/wasm-util@0.10.2", "", { "dependencies": { "tslib": "^2.4.0" } }, "sha512-RoBvJ2X0wuKlWFIjrwffGw1IqZHKQqzIchKaadZZfnNpsAYp2mM0h36JtPCjNDAHGgYez/15uMBpfGwchhiMgg=="],

    "@vitejs/plugin-vue": ["@vitejs/plugin-vue@6.0.7", "", { "dependencies": { "@rolldown/pluginutils": "^1.0.1" }, "peerDependencies": { "vite": "^5.0.0 || ^6.0.0 || ^7.0.0 || ^8.0.0", "vue": "^3.2.25" } }, "sha512-km+p+XdSz9Sxm5rqUbqcSfZYaAniKxWBj1KURl+Jr7UaPvvX7BmaWMdP69I5rrFDeQGyxAG7NXdc57vz+snhWg=="],

    "@volar/language-core": ["@volar/language-core@2.4.28", "", { "dependencies": { "@volar/source-map": "2.4.28" } }, "sha512-w4qhIJ8ZSitgLAkVay6AbcnC7gP3glYM3fYwKV3srj8m494E3xtrCv6E+bWviiK/8hs6e6t1ij1s2Endql7vzQ=="],

    "@volar/source-map": ["@volar/source-map@2.4.28", "", {}, "sha512-yX2BDBqJkRXfKw8my8VarTyjv48QwxdJtvRgUpNE5erCsgEUdI2DsLbpa+rOQVAJYshY99szEcRDmyHbF10ggQ=="],

    "@volar/typescript": ["@volar/typescript@2.4.28", "", { "dependencies": { "@volar/language-core": "2.4.28", "path-browserify": "^1.0.1", "vscode-uri": "^3.0.8" } }, "sha512-Ja6yvWrbis2QtN4ClAKreeUZPVYMARDYZl9LMEv1iQ1QdepB6wn0jTRxA9MftYmYa4DQ4k/DaSZpFPUfxl8giw=="],

    "@vue/compiler-core": ["@vue/compiler-core@3.5.38", "", { "dependencies": { "@babel/parser": "^7.29.7", "@vue/shared": "3.5.38", "entities": "^7.0.1", "estree-walker": "^2.0.2", "source-map-js": "^1.2.1" } }, "sha512-s99aGxWYig9ErHbct27KXEGhrBYlRI6c4MwAgXErOAbX9xiW37/uMa+XUDO69zLz83dng8UUZ70CTOJrLrYrEQ=="],

    "@vue/compiler-dom": ["@vue/compiler-dom@3.5.38", "", { "dependencies": { "@vue/compiler-core": "3.5.38", "@vue/shared": "3.5.38" } }, "sha512-JTqp25l8aFfJYF7/KmsXZjAxJz7T+SjmTJLoXVjHtc2BrSgSiW2n9Aem/cWq1OPe68A8JL06B3eVdhlP0H4TVw=="],

    "@vue/compiler-sfc": ["@vue/compiler-sfc@3.5.38", "", { "dependencies": { "@babel/parser": "^7.29.7", "@vue/compiler-core": "3.5.38", "@vue/compiler-dom": "3.5.38", "@vue/compiler-ssr": "3.5.38", "@vue/shared": "3.5.38", "estree-walker": "^2.0.2", "magic-string": "^0.30.21", "postcss": "^8.5.15", "source-map-js": "^1.2.1" } }, "sha512-DuA2GiZawSEW442iw/9+Fkol8hTgb4Ke5KkhmSry65QA7YuyMbIdy8p0XZRMvNwJdgRz307W8g1CSzdvS4nuNg=="],

    "@vue/compiler-ssr": ["@vue/compiler-ssr@3.5.38", "", { "dependencies": { "@vue/compiler-dom": "3.5.38", "@vue/shared": "3.5.38" } }, "sha512-7s+W5Gc42FGxZMcuwl8H5B29T8BJPMdBT7KHFE+BbAuZ/iTEdTtv7z2XiMjiaUUw4w3ZcCEdHs36RuYJ2VA7bA=="],

    "@vue/language-core": ["@vue/language-core@3.3.5", "", { "dependencies": { "@volar/language-core": "2.4.28", "@vue/compiler-dom": "^3.5.0", "@vue/shared": "^3.5.0", "alien-signals": "^3.2.0", "muggle-string": "^0.4.1", "path-browserify": "^1.0.1", "picomatch": "^4.0.4" } }, "sha512-UkKu5nhX89fg4VhlG/FOeI10G3cj/7radKT/cy9BT4Q9qJmJlSTAc/dP63Xqs29aypN4f39xUV6PsLNk/dcD6g=="],

    "@vue/reactivity": ["@vue/reactivity@3.5.38", "", { "dependencies": { "@vue/shared": "3.5.38" } }, "sha512-pG6LV/NDNRbKizcUjFFLAfjaL8mcv4DmR9avNcUw2gDHBzZneuS2TWCmp633ynzxz9YYKNeEPK2I8Wraqy2HUQ=="],

    "@vue/runtime-core": ["@vue/runtime-core@3.5.38", "", { "dependencies": { "@vue/reactivity": "3.5.38", "@vue/shared": "3.5.38" } }, "sha512-iyW8WVfF1CpCXxncZY5Ei6rSd6oZr5DgEom//fUjRBRl56AXPD+s9ATvukRt77ZFTuYlnVA1bxY+dJB94tWVYw=="],

    "@vue/runtime-dom": ["@vue/runtime-dom@3.5.38", "", { "dependencies": { "@vue/reactivity": "3.5.38", "@vue/runtime-core": "3.5.38", "@vue/shared": "3.5.38", "csstype": "^3.2.3" } }, "sha512-apX2wt9sdfDshS+a2xueFZLVpt0GkRJZSoPmrW/SA4yzXTznhfcMVW59gr7h4YQeY0vJhdJkk2rsIDwgfFgC5A=="],

    "@vue/server-renderer": ["@vue/server-renderer@3.5.38", "", { "dependencies": { "@vue/compiler-ssr": "3.5.38", "@vue/shared": "3.5.38" }, "peerDependencies": { "vue": "3.5.38" } }, "sha512-vue8vbf2QlV4quHqzwmJy6dWfmRhP1J8l4wtZg60CL6VoKqcPY2oe7may3+1d9qfpedjK5PRLFqd5k3Isj9mUw=="],

    "@vue/shared": ["@vue/shared@3.5.38", "", {}, "sha512-FTW0AFZNaK5/mOqvGBwVfUlNLU38TiQn4+DQgIFUnrBBJQ1crMJ82yeGQLV5jyKFsO8yRukpbuP7x+nRbH6aug=="],

    "alien-signals": ["alien-signals@3.2.1", "", {}, "sha512-I8FjmltrfnDFoZedi5CG8DghVYNhzb/Ijluz7tCSJH0xpd0484Kowhbb1XDYOxfJpU1p5wnM2X54dA+IfGyD1g=="],

    "csstype": ["csstype@3.2.3", "", {}, "sha512-z1HGKcYy2xA8AGQfwrn0PAy+PB7X/GSj3UVJW9qKyn43xWa+gl5nXmU4qqLMRzWVLFC8KusUX8T/0kCiOYpAIQ=="],

    "detect-libc": ["detect-libc@2.1.2", "", {}, "sha512-Btj2BOOO83o3WyH59e8MgXsxEQVcarkUOpEYrubB0urwnN10yQ364rsiByU11nZlqWYZm05i/of7io4mzihBtQ=="],

    "entities": ["entities@7.0.1", "", {}, "sha512-TWrgLOFUQTH994YUyl1yT4uyavY5nNB5muff+RtWaqNVCAK408b5ZnnbNAUEWLTCpum9w6arT70i1XdQ4UeOPA=="],

    "esbuild": ["esbuild@0.28.1", "", { "optionalDependencies": { "@esbuild/aix-ppc64": "0.28.1", "@esbuild/android-arm": "0.28.1", "@esbuild/android-arm64": "0.28.1", "@esbuild/android-x64": "0.28.1", "@esbuild/darwin-arm64": "0.28.1", "@esbuild/darwin-x64": "0.28.1", "@esbuild/freebsd-arm64": "0.28.1", "@esbuild/freebsd-x64": "0.28.1", "@esbuild/linux-arm": "0.28.1", "@esbuild/linux-arm64": "0.28.1", "@esbuild/linux-ia32": "0.28.1", "@esbuild/linux-loong64": "0.28.1", "@esbuild/linux-mips64el": "0.28.1", "@esbuild/linux-ppc64": "0.28.1", "@esbuild/linux-riscv64": "0.28.1", "@esbuild/linux-s390x": "0.28.1", "@esbuild/linux-x64": "0.28.1", "@esbuild/netbsd-arm64": "0.28.1", "@esbuild/netbsd-x64": "0.28.1", "@esbuild/openbsd-arm64": "0.28.1", "@esbuild/openbsd-x64": "0.28.1", "@esbuild/openharmony-arm64": "0.28.1", "@esbuild/sunos-x64": "0.28.1", "@esbuild/win32-arm64": "0.28.1", "@esbuild/win32-ia32": "0.28.1", "@esbuild/win32-x64": "0.28.1" }, "bin": { "esbuild": "bin/esbuild" } }, "sha512-HrJrvZv5ayxBzPfwphOoNzkzOIIlifzk0KJrGK2c8R4+LKpMtpYLQeUdjnwjWv/LZlkH2laZk+4w78pi99D4Vw=="],

    "estree-walker": ["estree-walker@2.0.2", "", {}, "sha512-Rfkk/Mp/DL7JVje3u18FxFujQlTNR2q6QfMSMB7AvCBx91NGj/ba3kCfza0f6dVDbw7YlRf/nDrn7pQrCCyQ/w=="],

    "fdir": ["fdir@6.5.0", "", { "peerDependencies": { "picomatch": "^3 || ^4" }, "optionalPeers": ["picomatch"] }, "sha512-tIbYtZbucOs0BRGqPJkshJUYdL+SDH7dVM8gjy+ERp3WAUjLEFJE+02kanyHtwjWOnwrKYBiwAmM0p4kLJAnXg=="],

    "fsevents": ["fsevents@2.3.3", "", { "os": "darwin" }, "sha512-5xoDfX+fL7faATnagmWPpbFtwh/R77WmMMqqHGS65C3vvB0YHrgF+B1YmZ3441tMj5n63k0212XNoJwzlhffQw=="],

    "lightningcss": ["lightningcss@1.32.0", "", { "dependencies": { "detect-libc": "^2.0.3" }, "optionalDependencies": { "lightningcss-android-arm64": "1.32.0", "lightningcss-darwin-arm64": "1.32.0", "lightningcss-darwin-x64": "1.32.0", "lightningcss-freebsd-x64": "1.32.0", "lightningcss-linux-arm-gnueabihf": "1.32.0", "lightningcss-linux-arm64-gnu": "1.32.0", "lightningcss-linux-arm64-musl": "1.32.0", "lightningcss-linux-x64-gnu": "1.32.0", "lightningcss-linux-x64-musl": "1.32.0", "lightningcss-win32-arm64-msvc": "1.32.0", "lightningcss-win32-x64-msvc": "1.32.0" } }, "sha512-NXYBzinNrblfraPGyrbPoD19C1h9lfI/1mzgWYvXUTe414Gz/X1FD2XBZSZM7rRTrMA8JL3OtAaGifrIKhQ5yQ=="],

    "lightningcss-android-arm64": ["lightningcss-android-arm64@1.32.0", "", { "os": "android", "cpu": "arm64" }, "sha512-YK7/ClTt4kAK0vo6w3X+Pnm0D2cf2vPHbhOXdoNti1Ga0al1P4TBZhwjATvjNwLEBCnKvjJc2jQgHXH0NEwlAg=="],

    "lightningcss-darwin-arm64": ["lightningcss-darwin-arm64@1.32.0", "", { "os": "darwin", "cpu": "arm64" }, "sha512-RzeG9Ju5bag2Bv1/lwlVJvBE3q6TtXskdZLLCyfg5pt+HLz9BqlICO7LZM7VHNTTn/5PRhHFBSjk5lc4cmscPQ=="],

    "lightningcss-darwin-x64": ["lightningcss-darwin-x64@1.32.0", "", { "os": "darwin", "cpu": "x64" }, "sha512-U+QsBp2m/s2wqpUYT/6wnlagdZbtZdndSmut/NJqlCcMLTWp5muCrID+K5UJ6jqD2BFshejCYXniPDbNh73V8w=="],

    "lightningcss-freebsd-x64": ["lightningcss-freebsd-x64@1.32.0", "", { "os": "freebsd", "cpu": "x64" }, "sha512-JCTigedEksZk3tHTTthnMdVfGf61Fky8Ji2E4YjUTEQX14xiy/lTzXnu1vwiZe3bYe0q+SpsSH/CTeDXK6WHig=="],

    "lightningcss-linux-arm-gnueabihf": ["lightningcss-linux-arm-gnueabihf@1.32.0", "", { "os": "linux", "cpu": "arm" }, "sha512-x6rnnpRa2GL0zQOkt6rts3YDPzduLpWvwAF6EMhXFVZXD4tPrBkEFqzGowzCsIWsPjqSK+tyNEODUBXeeVHSkw=="],

    "lightningcss-linux-arm64-gnu": ["lightningcss-linux-arm64-gnu@1.32.0", "", { "os": "linux", "cpu": "arm64" }, "sha512-0nnMyoyOLRJXfbMOilaSRcLH3Jw5z9HDNGfT/gwCPgaDjnx0i8w7vBzFLFR1f6CMLKF8gVbebmkUN3fa/kQJpQ=="],

    "lightningcss-linux-arm64-musl": ["lightningcss-linux-arm64-musl@1.32.0", "", { "os": "linux", "cpu": "arm64" }, "sha512-UpQkoenr4UJEzgVIYpI80lDFvRmPVg6oqboNHfoH4CQIfNA+HOrZ7Mo7KZP02dC6LjghPQJeBsvXhJod/wnIBg=="],

    "lightningcss-linux-x64-gnu": ["lightningcss-linux-x64-gnu@1.32.0", "", { "os": "linux", "cpu": "x64" }, "sha512-V7Qr52IhZmdKPVr+Vtw8o+WLsQJYCTd8loIfpDaMRWGUZfBOYEJeyJIkqGIDMZPwPx24pUMfwSxxI8phr/MbOA=="],

    "lightningcss-linux-x64-musl": ["lightningcss-linux-x64-musl@1.32.0", "", { "os": "linux", "cpu": "x64" }, "sha512-bYcLp+Vb0awsiXg/80uCRezCYHNg1/l3mt0gzHnWV9XP1W5sKa5/TCdGWaR/zBM2PeF/HbsQv/j2URNOiVuxWg=="],

    "lightningcss-win32-arm64-msvc": ["lightningcss-win32-arm64-msvc@1.32.0", "", { "os": "win32", "cpu": "arm64" }, "sha512-8SbC8BR40pS6baCM8sbtYDSwEVQd4JlFTOlaD3gWGHfThTcABnNDBda6eTZeqbofalIJhFx0qKzgHJmcPTnGdw=="],

    "lightningcss-win32-x64-msvc": ["lightningcss-win32-x64-msvc@1.32.0", "", { "os": "win32", "cpu": "x64" }, "sha512-Amq9B/SoZYdDi1kFrojnoqPLxYhQ4Wo5XiL8EVJrVsB8ARoC1PWW6VGtT0WKCemjy8aC+louJnjS7U18x3b06Q=="],

    "lucide-vue-next": ["lucide-vue-next@1.0.0", "", { "peerDependencies": { "vue": ">=3.0.1" } }, "sha512-V6SPvx1IHTj/UY+FrIYWV5faISsPSb8BnWSFDxAtezWKvWc9ZZ40PDrdu1/Qb5vg4lHWr1hs1BAMGVGm6V1Xdg=="],

    "magic-string": ["magic-string@0.30.21", "", { "dependencies": { "@jridgewell/sourcemap-codec": "^1.5.5" } }, "sha512-vd2F4YUyEXKGcLHoq+TEyCjxueSeHnFxyyjNp80yg0XV4vUhnDer/lvvlqM/arB5bXQN5K2/3oinyCRyx8T2CQ=="],

    "muggle-string": ["muggle-string@0.4.1", "", {}, "sha512-VNTrAak/KhO2i8dqqnqnAHOa3cYBwXEZe9h+D5h/1ZqFSTEFHdM65lR7RoIqq3tBBYavsOXV84NoHXZ0AkPyqQ=="],

    "nanoid": ["nanoid@3.3.12", "", { "bin": { "nanoid": "bin/nanoid.cjs" } }, "sha512-ZB9RH/39qpq5Vu6Y+NmUaFhQR6pp+M2Xt76XBnEwDaGcVAqhlvxrl3B2bKS5D3NH3QR76v3aSrKaF/Kiy7lEtQ=="],

    "path-browserify": ["path-browserify@1.0.1", "", {}, "sha512-b7uo2UCUOYZcnF/3ID0lulOJi/bafxa1xPe7ZPsammBSpjSWQkjNxlt635YGS2MiR9GjvuXCtz2emr3jbsz98g=="],

    "picocolors": ["picocolors@1.1.1", "", {}, "sha512-xceH2snhtb5M9liqDsmEw56le376mTZkEX/jEb/RxNFyegNul7eNslCXP9FDj/Lcu0X8KEyMceP2ntpaHrDEVA=="],

    "picomatch": ["picomatch@4.0.4", "", {}, "sha512-QP88BAKvMam/3NxH6vj2o21R6MjxZUAd6nlwAS/pnGvN9IVLocLHxGYIzFhg6fUQ+5th6P4dv4eW9jX3DSIj7A=="],

    "postcss": ["postcss@8.5.15", "", { "dependencies": { "nanoid": "^3.3.12", "picocolors": "^1.1.1", "source-map-js": "^1.2.1" } }, "sha512-FfR8sjd4em2T6fb3I2MwAJU7HWVMr9zba+enmQeeWFfCbm+UOC/0X4DS8XtpUTMwWMGbjKYP7xjfNekzyGmB3A=="],

    "rolldown": ["rolldown@1.0.3", "", { "dependencies": { "@oxc-project/types": "=0.133.0", "@rolldown/pluginutils": "^1.0.0" }, "optionalDependencies": { "@rolldown/binding-android-arm64": "1.0.3", "@rolldown/binding-darwin-arm64": "1.0.3", "@rolldown/binding-darwin-x64": "1.0.3", "@rolldown/binding-freebsd-x64": "1.0.3", "@rolldown/binding-linux-arm-gnueabihf": "1.0.3", "@rolldown/binding-linux-arm64-gnu": "1.0.3", "@rolldown/binding-linux-arm64-musl": "1.0.3", "@rolldown/binding-linux-ppc64-gnu": "1.0.3", "@rolldown/binding-linux-s390x-gnu": "1.0.3", "@rolldown/binding-linux-x64-gnu": "1.0.3", "@rolldown/binding-linux-x64-musl": "1.0.3", "@rolldown/binding-openharmony-arm64": "1.0.3", "@rolldown/binding-wasm32-wasi": "1.0.3", "@rolldown/binding-win32-arm64-msvc": "1.0.3", "@rolldown/binding-win32-x64-msvc": "1.0.3" }, "bin": { "rolldown": "./bin/cli.mjs" } }, "sha512-i00lAJ2ks1BYr7rjNjKC7BcqAS7nVfiT3QX1SI5aY+AFHblCmaUf9OE9dbdzDvW6dJxbi2ZCZiy9v3CcwOiX3g=="],

    "source-map-js": ["source-map-js@1.2.1", "", {}, "sha512-UXWMKhLOwVKb728IUtQPXxfYU+usdybtUrK/8uGE8CQMvrhOpwvzDBwj0QhSL7MQc7vIsISBG8VQ8+IDQxpfQA=="],

    "tinyglobby": ["tinyglobby@0.2.17", "", { "dependencies": { "fdir": "^6.5.0", "picomatch": "^4.0.4" } }, "sha512-wXR/dYpcqKmfWpEdZjiKJOwCNFndD0DMnrW/cYjVGttEkBfVgcLFHoNrlj47mjOVic9yyNu65alsgF4NQyTa2g=="],

    "tslib": ["tslib@2.8.1", "", {}, "sha512-oJFu94HQb+KVduSUQL7wnpmqnfmLsOA/nAh6b6EH0wCEoK0/mPeXU6c3wKDV83MkOuHPRHtSXKKU99IBazS/2w=="],

    "typescript": ["typescript@6.0.3", "", { "bin": { "tsc": "bin/tsc", "tsserver": "bin/tsserver" } }, "sha512-y2TvuxSZPDyQakkFRPZHKFm+KKVqIisdg9/CZwm9ftvKXLP8NRWj38/ODjNbr43SsoXqNuAisEf1GdCxqWcdBw=="],

    "vite": ["vite@8.0.16", "", { "dependencies": { "lightningcss": "^1.32.0", "picomatch": "^4.0.4", "postcss": "^8.5.15", "rolldown": "1.0.3", "tinyglobby": "^0.2.17" }, "optionalDependencies": { "fsevents": "~2.3.3" }, "peerDependencies": { "@types/node": "^20.19.0 || >=22.12.0", "@vitejs/devtools": "^0.1.18", "esbuild": "^0.27.0 || ^0.28.0", "jiti": ">=1.21.0", "less": "^4.0.0", "sass": "^1.70.0", "sass-embedded": "^1.70.0", "stylus": ">=0.54.8", "sugarss": "^5.0.0", "terser": "^5.16.0", "tsx": "^4.8.1", "yaml": "^2.4.2" }, "optionalPeers": ["@types/node", "@vitejs/devtools", "esbuild", "jiti", "less", "sass", "sass-embedded", "stylus", "sugarss", "terser", "tsx", "yaml"], "bin": { "vite": "bin/vite.js" } }, "sha512-h9bXPmJichP5fLmVQo3PyaGSDE2n3aPuomeAlVRm0JLmt4rY6zmPKd59HYI4LNW8oTK7tlTsuC7l/m7awx9Jcw=="],

    "vscode-uri": ["vscode-uri@3.1.0", "", {}, "sha512-/BpdSx+yCQGnCvecbyXdxHDkuk55/G3xwnC0GqY4gmQ3j+A+g8kzzgB4Nk/SINjqn6+waqw3EgbVF2QKExkRxQ=="],

    "vue": ["vue@3.5.38", "", { "dependencies": { "@vue/compiler-dom": "3.5.38", "@vue/compiler-sfc": "3.5.38", "@vue/runtime-dom": "3.5.38", "@vue/server-renderer": "3.5.38", "@vue/shared": "3.5.38" }, "peerDependencies": { "typescript": "*" }, "optionalPeers": ["typescript"] }, "sha512-vAMKHfImQlYSy0C+PBue4s3ERZ2xGKfgZg5GXAsLInq1dyh2H78ILVP5sK0KPFPVW4kv+OGCIvBEondcjpZp7A=="],

    "vue-tsc": ["vue-tsc@3.3.5", "", { "dependencies": { "@volar/typescript": "2.4.28", "@vue/language-core": "3.3.5" }, "peerDependencies": { "typescript": ">=5.0.0" }, "bin": { "vue-tsc": "bin/vue-tsc.js" } }, "sha512-Rzh/G2MmNlMSAMTiQEjDrsb4dgB/jbtEM47rVN2NtidF1dfb/q4w4QvpQBtW5+y3y5H27Hjh7deVwk+YB02fNg=="],

    "@tauri-apps/plugin-dialog/@tauri-apps/api": ["@tauri-apps/api@2.11.0", "", {}, "sha512-7CinYODhky9lmO23xHnUFv0Xt43fbtWMyxZcLcRBlFkcgXKuEirBvHpmtJ89YMhyeGcq20Wuc47Fa4XjyniywA=="],

    "@tauri-apps/plugin-opener/@tauri-apps/api": ["@tauri-apps/api@2.11.0", "", {}, "sha512-7CinYODhky9lmO23xHnUFv0Xt43fbtWMyxZcLcRBlFkcgXKuEirBvHpmtJ89YMhyeGcq20Wuc47Fa4XjyniywA=="],
  }
}
